
Microsoft Visual Studio Solution File, Format Version 12.00
# Visual Studio 2013
VisualStudioVersion = 12.0.31101.0
MinimumVisualStudioVersion = 10.0.40219.1
Project("{FAE04EC0-301F-11D3-BF4B-00C04F79EFBC}") = "SimpleConsoleApp", "SimpleConsoleApp\SimpleConsoleApp.csproj", "{DD8E72B0-E1E6-453B-9D49-FC055B7E1A87}"
EndProject
Project("{2150E333-8FDC-42A3-9474-1A3956D46DE8}") = "SimpleApp", "SimpleApp", "{D2802E0F-ECAF-404D-96B3-255199D15DB5}"
EndProject
Project("{FAE04EC0-301F-11D3-BF4B-00C04F79EFBC}") = "SimpleClassLibrary", "SimpleClassLibrary\SimpleClassLibrary.csproj", "{2E023186-D8A6-466C-8A13-36C9CA1C777E}"
EndProject
Project("{2150E333-8FDC-42A3-9474-1A3956D46DE8}") = "WindowsFormThreads", "WindowsFormThreads", "{2DAA10F0-B00B-4211-A6C4-43CF1835076B}"
EndProject
Project("{FAE04EC0-301F-11D3-BF4B-00C04F79EFBC}") = "WindowsFormsThreads", "WindowsFormsThreads\WindowsFormsThreads.csproj", "{BA698384-BC27-4F36-8015-2524394841E7}"
EndProject
Project("{FAE04EC0-301F-11D3-BF4B-00C04F79EFBC}") = "WorkerLibrary", "WorkerLibrary\WorkerLibrary.csproj", "{45B40716-9826-4852-8827-3F0CFBB16467}"
EndProject
Project("{2150E333-8FDC-42A3-9474-1A3956D46DE8}") = "Tests", "Tests", "{3B32C852-989B-441E-AE4D-1922BFC8FE25}"
EndProject
Project("{FAE04EC0-301F-11D3-BF4B-00C04F79EFBC}") = "SimpleTests", "SimpleTests\SimpleTests.csproj", "{4C457637-C95C-4758-BB58-C26A176D8967}"
EndProject
Project("{FAE04EC0-301F-11D3-BF4B-00C04F79EFBC}") = "SimpleWebApp", "SimpleWebApp\SimpleWebApp.csproj", "{A37D0326-E305-4F71-B2B4-68B663D246E4}"
EndProject
Project("{FAE04EC0-301F-11D3-BF4B-00C04F79EFBC}") = "Team", "Team\Team.csproj", "{FA18CC5A-8298-4D17-968D-9CC2FFA3391E}"
EndProject
Project("{FAE04EC0-301F-11D3-BF4B-00C04F79EFBC}") = "SimpleWebApi", "SimpleWebApi\SimpleWebApi.csproj", "{38BEF94D-4F4A-497B-BD87-A49213408C10}"
EndProject
Project("{FAE04EC0-301F-11D3-BF4B-00C04F79EFBC}") = "ProcessConsole", "ProcessConsole\ProcessConsole.csproj", "{40CCF2B0-1928-4BD5-88CF-7990E133F70A}"
EndProject
Project("{FAE04EC0-301F-11D3-BF4B-00C04F79EFBC}") = "WindowsFormsAsync", "WindowsFormsAsync\WindowsFormsAsync.csproj", "{331EF1F6-D9DE-4D1D-95C9-B9AE27447311}"
EndProject
Global
	GlobalSection(SolutionConfigurationPlatforms) = preSolution
		Debug|Any CPU = Debug|Any CPU
		Release|Any CPU = Release|Any CPU
	EndGlobalSection
	GlobalSection(ProjectConfigurationPlatforms) = postSolution
		{DD8E72B0-E1E6-453B-9D49-FC055B7E1A87}.Debug|Any CPU.ActiveCfg = Debug|Any CPU
		{DD8E72B0-E1E6-453B-9D49-FC055B7E1A87}.Debug|Any CPU.Build.0 = Debug|Any CPU
		{DD8E72B0-E1E6-453B-9D49-FC055B7E1A87}.Release|Any CPU.ActiveCfg = Release|Any CPU
		{DD8E72B0-E1E6-453B-9D49-FC055B7E1A87}.Release|Any CPU.Build.0 = Release|Any CPU
		{2E023186-D8A6-466C-8A13-36C9CA1C777E}.Debug|Any CPU.ActiveCfg = Debug|Any CPU
		{2E023186-D8A6-466C-8A13-36C9CA1C777E}.Debug|Any CPU.Build.0 = Debug|Any CPU
		{2E023186-D8A6-466C-8A13-36C9CA1C777E}.Release|Any CPU.ActiveCfg = Release|Any CPU
		{2E023186-D8A6-466C-8A13-36C9CA1C777E}.Release|Any CPU.Build.0 = Release|Any CPU
		{BA698384-BC27-4F36-8015-2524394841E7}.Debug|Any CPU.ActiveCfg = Debug|Any CPU
		{BA698384-BC27-4F36-8015-2524394841E7}.Debug|Any CPU.Build.0 = Debug|Any CPU
		{BA698384-BC27-4F36-8015-2524394841E7}.Release|Any CPU.ActiveCfg = Release|Any CPU
		{BA698384-BC27-4F36-8015-2524394841E7}.Release|Any CPU.Build.0 = Release|Any CPU
		{45B40716-9826-4852-8827-3F0CFBB16467}.Debug|Any CPU.ActiveCfg = Debug|Any CPU
		{45B40716-9826-4852-8827-3F0CFBB16467}.Debug|Any CPU.Build.0 = Debug|Any CPU
		{45B40716-9826-4852-8827-3F0CFBB16467}.Release|Any CPU.ActiveCfg = Release|Any CPU
		{45B40716-9826-4852-8827-3F0CFBB16467}.Release|Any CPU.Build.0 = Release|Any CPU
		{4C457637-C95C-4758-BB58-C26A176D8967}.Debug|Any CPU.ActiveCfg = Debug|Any CPU
		{4C457637-C95C-4758-BB58-C26A176D8967}.Debug|Any CPU.Build.0 = Debug|Any CPU
		{4C457637-C95C-4758-BB58-C26A176D8967}.Release|Any CPU.ActiveCfg = Release|Any CPU
		{4C457637-C95C-4758-BB58-C26A176D8967}.Release|Any CPU.Build.0 = Release|Any CPU
		{A37D0326-E305-4F71-B2B4-68B663D246E4}.Debug|Any CPU.ActiveCfg = Debug|Any CPU
		{A37D0326-E305-4F71-B2B4-68B663D246E4}.Debug|Any CPU.Build.0 = Debug|Any CPU
		{A37D0326-E305-4F71-B2B4-68B663D246E4}.Release|Any CPU.ActiveCfg = Release|Any CPU
		{A37D0326-E305-4F71-B2B4-68B663D246E4}.Release|Any CPU.Build.0 = Release|Any CPU
		{FA18CC5A-8298-4D17-968D-9CC2FFA3391E}.Debug|Any CPU.ActiveCfg = Debug|Any CPU
		{FA18CC5A-8298-4D17-968D-9CC2FFA3391E}.Debug|Any CPU.Build.0 = Debug|Any CPU
		{FA18CC5A-8298-4D17-968D-9CC2FFA3391E}.Release|Any CPU.ActiveCfg = Release|Any CPU
		{FA18CC5A-8298-4D17-968D-9CC2FFA3391E}.Release|Any CPU.Build.0 = Release|Any CPU
		{38BEF94D-4F4A-497B-BD87-A49213408C10}.Debug|Any CPU.ActiveCfg = Debug|Any CPU
		{38BEF94D-4F4A-497B-BD87-A49213408C10}.Debug|Any CPU.Build.0 = Debug|Any CPU
		{38BEF94D-4F4A-497B-BD87-A49213408C10}.Release|Any CPU.ActiveCfg = Release|Any CPU
		{38BEF94D-4F4A-497B-BD87-A49213408C10}.Release|Any CPU.Build.0 = Release|Any CPU
		{40CCF2B0-1928-4BD5-88CF-7990E133F70A}.Debug|Any CPU.ActiveCfg = Debug|Any CPU
		{40CCF2B0-1928-4BD5-88CF-7990E133F70A}.Debug|Any CPU.Build.0 = Debug|Any CPU
		{40CCF2B0-1928-4BD5-88CF-7990E133F70A}.Release|Any CPU.ActiveCfg = Release|Any CPU
		{40CCF2B0-1928-4BD5-88CF-7990E133F70A}.Release|Any CPU.Build.0 = Release|Any CPU
		{331EF1F6-D9DE-4D1D-95C9-B9AE27447311}.Debug|Any CPU.ActiveCfg = Debug|Any CPU
		{331EF1F6-D9DE-4D1D-95C9-B9AE27447311}.Debug|Any CPU.Build.0 = Debug|Any CPU
		{331EF1F6-D9DE-4D1D-95C9-B9AE27447311}.Release|Any CPU.ActiveCfg = Release|Any CPU
		{331EF1F6-D9DE-4D1D-95C9-B9AE27447311}.Release|Any CPU.Build.0 = Release|Any CPU
	EndGlobalSection
	GlobalSection(SolutionProperties) = preSolution
		HideSolutionNode = FALSE
	EndGlobalSection
	GlobalSection(NestedProjects) = preSolution
		{DD8E72B0-E1E6-453B-9D49-FC055B7E1A87} = {D2802E0F-ECAF-404D-96B3-255199D15DB5}
		{2E023186-D8A6-466C-8A13-36C9CA1C777E} = {D2802E0F-ECAF-404D-96B3-255199D15DB5}
		{BA698384-BC27-4F36-8015-2524394841E7} = {2DAA10F0-B00B-4211-A6C4-43CF1835076B}
		{45B40716-9826-4852-8827-3F0CFBB16467} = {2DAA10F0-B00B-4211-A6C4-43CF1835076B}
		{4C457637-C95C-4758-BB58-C26A176D8967} = {3B32C852-989B-441E-AE4D-1922BFC8FE25}
	EndGlobalSection
EndGlobal
